
Microsoft Visual Studio Solution File, Format Version 12.00
# Visual Studio Version 16
VisualStudioVersion = 16.0.29326.143
MinimumVisualStudioVersion = 10.0.40219.1
Project("{9A19103F-16F7-4668-BE54-9A1E7A4F7556}") = "CSharp8FeaturesPt1", "CSharp8FeaturesPt1\CSharp8FeaturesPt1.csproj", "{DC95E5CF-C90F-4DBF-B6F8-3525FA0529ED}"
EndProject
Project("{2150E333-8FDC-42A3-9474-1A3956D46DE8}") = "Tests", "Tests", "{A1DFE831-0D87-4370-A6F3-0EDE8565128B}"
EndProject
Project("{FAE04EC0-301F-11D3-BF4B-00C04F79EFBC}") = "CSHarp8FeaturesPt1.Tests.Unit", "CSHarp8FeaturesPt1.Tests.Unit\CSHarp8FeaturesPt1.Tests.Unit.csproj", "{37E1600B-83DD-4834-9054-A6B2813A1B33}"
EndProject
Global
	GlobalSection(SolutionConfigurationPlatforms) = preSolution
		Debug|Any CPU = Debug|Any CPU
		Release|Any CPU = Release|Any CPU
	EndGlobalSection
	GlobalSection(ProjectConfigurationPlatforms) = postSolution
		{DC95E5CF-C90F-4DBF-B6F8-3525FA0529ED}.Debug|Any CPU.ActiveCfg = Debug|Any CPU
		{DC95E5CF-C90F-4DBF-B6F8-3525FA0529ED}.Debug|Any CPU.Build.0 = Debug|Any CPU
		{DC95E5CF-C90F-4DBF-B6F8-3525FA0529ED}.Release|Any CPU.ActiveCfg = Release|Any CPU
		{DC95E5CF-C90F-4DBF-B6F8-3525FA0529ED}.Release|Any CPU.Build.0 = Release|Any CPU
		{37E1600B-83DD-4834-9054-A6B2813A1B33}.Debug|Any CPU.ActiveCfg = Debug|Any CPU
		{37E1600B-83DD-4834-9054-A6B2813A1B33}.Debug|Any CPU.Build.0 = Debug|Any CPU
		{37E1600B-83DD-4834-9054-A6B2813A1B33}.Release|Any CPU.ActiveCfg = Release|Any CPU
		{37E1600B-83DD-4834-9054-A6B2813A1B33}.Release|Any CPU.Build.0 = Release|Any CPU
	EndGlobalSection
	GlobalSection(SolutionProperties) = preSolution
		HideSolutionNode = FALSE
	EndGlobalSection
	GlobalSection(NestedProjects) = preSolution
		{37E1600B-83DD-4834-9054-A6B2813A1B33} = {A1DFE831-0D87-4370-A6F3-0EDE8565128B}
	EndGlobalSection
	GlobalSection(ExtensibilityGlobals) = postSolution
		SolutionGuid = {1A4E8655-5BF5-4D41-B3FA-7CB3BCF2AC9B}
	EndGlobalSection
EndGlobal
